// !$*UTF8*$!
{
	archiveVersion = 1;
	classes = {
	};
	objectVersion = 50;
	objects = {

/* Begin PBXBuildFile section */
		646B2BD626184B65000C319D /* AppDelegate.swift in Sources */ = {isa = PBXBuildFile; fileRef = 646B2BD526184B65000C319D /* AppDelegate.swift */; };
		646B2BD826184B65000C319D /* SceneDelegate.swift in Sources */ = {isa = PBXBuildFile; fileRef = 646B2BD726184B65000C319D /* SceneDelegate.swift */; };
		646B2BDA26184B65000C319D /* ContentView.swift in Sources */ = {isa = PBXBuildFile; fileRef = 646B2BD926184B65000C319D /* ContentView.swift */; };
		646B2BDC26184B66000C319D /* Assets.xcassets in Resources */ = {isa = PBXBuildFile; fileRef = 646B2BDB26184B66000C319D /* Assets.xcassets */; };
		646B2BDF26184B66000C319D /* Preview Assets.xcassets in Resources */ = {isa = PBXBuildFile; fileRef = 646B2BDE26184B66000C319D /* Preview Assets.xcassets */; };
		646B2BE226184B66000C319D /* LaunchScreen.storyboard in Resources */ = {isa = PBXBuildFile; fileRef = 646B2BE026184B66000C319D /* LaunchScreen.storyboard */; };
		646B2BEE26184C03000C319D /* Model.swift in Sources */ = {isa = PBXBuildFile; fileRef = 646B2BED26184C03000C319D /* Model.swift */; };
		646B2BF226184C15000C319D /* Data.swift in Sources */ = {isa = PBXBuildFile; fileRef = 646B2BF126184C15000C319D /* Data.swift */; };
		6485F180262D6F84006D9C10 /* RecipeProfile.swift in Sources */ = {isa = PBXBuildFile; fileRef = 6485F17F262D6F84006D9C10 /* RecipeProfile.swift */; };
		649AED6F262D637A00B9559F /* RecipeList.swift in Sources */ = {isa = PBXBuildFile; fileRef = 649AED6E262D637A00B9559F /* RecipeList.swift */; };
		649AED72262D638700B9559F /* RecipeDetail.swift in Sources */ = {isa = PBXBuildFile; fileRef = 649AED71262D638700B9559F /* RecipeDetail.swift */; };
/* End PBXBuildFile section */

/* Begin PBXFileReference section */
		646B2BD226184B65000C319D /* list.app */ = {isa = PBXFileReference; explicitFileType = wrapper.application; includeInIndex = 0; path = list.app; sourceTree = BUILT_PRODUCTS_DIR; };
		646B2BD526184B65000C319D /* AppDelegate.swift */ = {isa = PBXFileReference; lastKnownFileType = sourcecode.swift; path = AppDelegate.swift; sourceTree = "<group>"; };
		646B2BD726184B65000C319D /* SceneDelegate.swift */ = {isa = PBXFileReference; lastKnownFileType = sourcecode.swift; path = SceneDelegate.swift; sourceTree = "<group>"; };
		646B2BD926184B65000C319D /* ContentView.swift */ = {isa = PBXFileReference; lastKnownFileType = sourcecode.swift; path = ContentView.swift; sourceTree = "<group>"; };
		646B2BDB26184B66000C319D /* Assets.xcassets */ = {isa = PBXFileReference; lastKnownFileType = folder.assetcatalog; path = Assets.xcassets; sourceTree = "<group>"; };
		646B2BDE26184B66000C319D /* Preview Assets.xcassets */ = {isa = PBXFileReference; lastKnownFileType = folder.assetcatalog; path = "Preview Assets.xcassets"; sourceTree = "<group>"; };
		646B2BE126184B66000C319D /* Base */ = {isa = PBXFileReference; lastKnownFileType = file.storyboard; name = Base; path = Base.lproj/LaunchScreen.storyboard; sourceTree = "<group>"; };
		646B2BE326184B66000C319D /* Info.plist */ = {isa = PBXFileReference; lastKnownFileType = text.plist.xml; path = Info.plist; sourceTree = "<group>"; };
		646B2BED26184C03000C319D /* Model.swift */ = {isa = PBXFileReference; lastKnownFileType = sourcecode.swift; path = Model.swift; sourceTree = "<group>"; };
		646B2BF126184C15000C319D /* Data.swift */ = {isa = PBXFileReference; lastKnownFileType = sourcecode.swift; path = Data.swift; sourceTree = "<group>"; };
		6485F17F262D6F84006D9C10 /* RecipeProfile.swift */ = {isa = PBXFileReference; lastKnownFileType = sourcecode.swift; path = RecipeProfile.swift; sourceTree = "<group>"; };
		649AED6E262D637A00B9559F /* RecipeList.swift */ = {isa = PBXFileReference; lastKnownFileType = sourcecode.swift; path = RecipeList.swift; sourceTree = "<group>"; };
		649AED71262D638700B9559F /* RecipeDetail.swift */ = {isa = PBXFileReference; lastKnownFileType = sourcecode.swift; path = RecipeDetail.swift; sourceTree = "<group>"; };
/* End PBXFileReference section */

/* Begin PBXFrameworksBuildPhase section */
		646B2BCF26184B65000C319D /* Frameworks */ = {
			isa = PBXFrameworksBuildPhase;
			buildActionMask = 2147483647;
			files = (
			);
			runOnlyForDeploymentPostprocessing = 0;
		};
/* End PBXFrameworksBuildPhase section */

/* Begin PBXGroup section */
		646B2BC926184B65000C319D = {
			isa = PBXGroup;
			children = (
				646B2BD426184B65000C319D /* list */,
				646B2BD326184B65000C319D /* Products */,
			);
			sourceTree = "<group>";
		};
		646B2BD326184B65000C319D /* Products */ = {
			isa = PBXGroup;
			children = (
				646B2BD226184B65000C319D /* list.app */,
			);
			name = Products;
			sourceTree = "<group>";
		};
		646B2BD426184B65000C319D /* list */ = {
			isa = PBXGroup;
			children = (
				646B2BEC26184BF2000C319D /* View */,
				646B2BEB26184BEA000C319D /* Data */,
				646B2BEA26184BE1000C319D /* Model */,
				646B2BD526184B65000C319D /* AppDelegate.swift */,
				646B2BD726184B65000C319D /* SceneDelegate.swift */,
				646B2BD926184B65000C319D /* ContentView.swift */,
				646B2BDB26184B66000C319D /* Assets.xcassets */,
				646B2BE026184B66000C319D /* LaunchScreen.storyboard */,
				646B2BE326184B66000C319D /* Info.plist */,
				646B2BDD26184B66000C319D /* Preview Content */,
			);
			path = list;
			sourceTree = "<group>";
		};
		646B2BDD26184B66000C319D /* Preview Content */ = {
			isa = PBXGroup;
			children = (
				646B2BDE26184B66000C319D /* Preview Assets.xcassets */,
			);
			path = "Preview Content";
			sourceTree = "<group>";
		};
		646B2BEA26184BE1000C319D /* Model */ = {
			isa = PBXGroup;
			children = (
				646B2BED26184C03000C319D /* Model.swift */,
			);
			path = Model;
			sourceTree = "<group>";
		};
		646B2BEB26184BEA000C319D /* Data */ = {
			isa = PBXGroup;
			children = (
				646B2BF126184C15000C319D /* Data.swift */,
			);
			path = Data;
			sourceTree = "<group>";
		};
		646B2BEC26184BF2000C319D /* View */ = {
			isa = PBXGroup;
			children = (
				649AED71262D638700B9559F /* RecipeDetail.swift */,
				649AED6E262D637A00B9559F /* RecipeList.swift */,
				6485F17F262D6F84006D9C10 /* RecipeProfile.swift */,
			);
			path = View;
			sourceTree = "<group>";
		};
/* End PBXGroup section */

/* Begin PBXNativeTarget section */
		646B2BD126184B65000C319D /* list */ = {
			isa = PBXNativeTarget;
			buildConfigurationList = 646B2BE626184B66000C319D /* Build configuration list for PBXNativeTarget "list" */;
			buildPhases = (
				646B2BCE26184B65000C319D /* Sources */,
				646B2BCF26184B65000C319D /* Frameworks */,
				646B2BD026184B65000C319D /* Resources */,
			);
			buildRules = (
			);
			dependencies = (
			);
			name = list;
			productName = list;
			productReference = 646B2BD226184B65000C319D /* list.app */;
			productType = "com.apple.product-type.application";
		};
/* End PBXNativeTarget section */

/* Begin PBXProject section */
		646B2BCA26184B65000C319D /* Project object */ = {
			isa = PBXProject;
			attributes = {
				LastSwiftUpdateCheck = 1240;
				LastUpgradeCheck = 1240;
				TargetAttributes = {
					646B2BD126184B65000C319D = {
						CreatedOnToolsVersion = 12.4;
					};
				};
			};
			buildConfigurationList = 646B2BCD26184B65000C319D /* Build configuration list for PBXProject "list" */;
			compatibilityVersion = "Xcode 9.3";
			developmentRegion = en;
			hasScannedForEncodings = 0;
			knownRegions = (
				en,
				Base,
			);
			mainGroup = 646B2BC926184B65000C319D;
			productRefGroup = 646B2BD326184B65000C319D /* Products */;
			projectDirPath = "";
			projectRoot = "";
			targets = (
				646B2BD126184B65000C319D /* list */,
			);
		};
/* End PBXProject section */

/* Begin PBXResourcesBuildPhase section */
		646B2BD026184B65000C319D /* Resources */ = {
			isa = PBXResourcesBuildPhase;
			buildActionMask = 2147483647;
			files = (
				646B2BE226184B66000C319D /* LaunchScreen.storyboard in Resources */,
				646B2BDF26184B66000C319D /* Preview Assets.xcassets in Resources */,
				646B2BDC26184B66000C319D /* Assets.xcassets in Resources */,
			);
			runOnlyForDeploymentPostprocessing = 0;
		};
/* End PBXResourcesBuildPhase section */

/* Begin PBXSourcesBuildPhase section */
		646B2BCE26184B65000C319D /* Sources */ = {
			isa = PBXSourcesBuildPhase;
			buildActionMask = 2147483647;
			files = (
				646B2BD626184B65000C319D /* AppDelegate.swift in Sources */,
				649AED72262D638700B9559F /* RecipeDetail.swift in Sources */,
				646B2BF226184C15000C319D /* Data.swift in Sources */,
				646B2BD826184B65000C319D /* SceneDelegate.swift in Sources */,
				646B2BDA26184B65000C319D /* ContentView.swift in Sources */,
				646B2BEE26184C03000C319D /* Model.swift in Sources */,
				649AED6F262D637A00B9559F /* RecipeList.swift in Sources */,
				6485F180262D6F84006D9C10 /* RecipeProfile.swift in Sources */,
			);
			runOnlyForDeploymentPostprocessing = 0;
		};
/* End PBXSourcesBuildPhase section */

/* Begin PBXVariantGroup section */
		646B2BE026184B66000C319D /* LaunchScreen.storyboard */ = {
			isa = PBXVariantGroup;
			children = (
				646B2BE126184B66000C319D /* Base */,
			);
			name = LaunchScreen.storyboard;
			sourceTree = "<group>";
		};
/* End PBXVariantGroup section */

/* Begin XCBuildConfiguration section */
		646B2BE426184B66000C319D /* Debug */ = {
			isa = XCBuildConfiguration;
			buildSettings = {
				ALWAYS_SEARCH_USER_PATHS = NO;
				CLANG_ANALYZER_NONNULL = YES;
				CLANG_ANALYZER_NUMBER_OBJECT_CONVERSION = YES_AGGRESSIVE;
				CLANG_CXX_LANGUAGE_STANDARD = "gnu++14";
				CLANG_CXX_LIBRARY = "libc++";
				CLANG_ENABLE_MODULES = YES;
				CLANG_ENABLE_OBJC_ARC = YES;
				CLANG_ENABLE_OBJC_WEAK = YES;
				CLANG_WARN_BLOCK_CAPTURE_AUTORELEASING = YES;
				CLANG_WARN_BOOL_CONVERSION = YES;
				CLANG_WARN_COMMA = YES;
				CLANG_WARN_CONSTANT_CONVERSION = YES;
				CLANG_WARN_DEPRECATED_OBJC_IMPLEMENTATIONS = YES;
				CLANG_WARN_DIRECT_OBJC_ISA_USAGE = YES_ERROR;
				CLANG_WARN_DOCUMENTATION_COMMENTS = YES;
				CLANG_WARN_EMPTY_BODY = YES;
				CLANG_WARN_ENUM_CONVERSION = YES;
				CLANG_WARN_INFINITE_RECURSION = YES;
				CLANG_WARN_INT_CONVERSION = YES;
				CLANG_WARN_NON_LITERAL_NULL_CONVERSION = YES;
				CLANG_WARN_OBJC_IMPLICIT_RETAIN_SELF = YES;
				CLANG_WARN_OBJC_LITERAL_CONVERSION = YES;
				CLANG_WARN_OBJC_ROOT_CLASS = YES_ERROR;
				CLANG_WARN_QUOTED_INCLUDE_IN_FRAMEWORK_HEADER = YES;
				CLANG_WARN_RANGE_LOOP_ANALYSIS = YES;
				CLANG_WARN_STRICT_PROTOTYPES = YES;
				CLANG_WARN_SUSPICIOUS_MOVE = YES;
				CLANG_WARN_UNGUARDED_AVAILABILITY = YES_AGGRESSIVE;
				CLANG_WARN_UNREACHABLE_CODE = YES;
				CLANG_WARN__DUPLICATE_METHOD_MATCH = YES;
				COPY_PHASE_STRIP = NO;
				DEBUG_INFORMATION_FORMAT = dwarf;
				ENABLE_STRICT_OBJC_MSGSEND = YES;
				ENABLE_TESTABILITY = YES;
				GCC_C_LANGUAGE_STANDARD = gnu11;
				GCC_DYNAMIC_NO_PIC = NO;
				GCC_NO_COMMON_BLOCKS = YES;
				GCC_OPTIMIZATION_LEVEL = 0;
				GCC_PREPROCESSOR_DEFINITIONS = (
					"DEBUG=1",
					"$(inherited)",
				);
				GCC_WARN_64_TO_32_BIT_CONVERSION = YES;
				GCC_WARN_ABOUT_RETURN_TYPE = YES_ERROR;
				GCC_WARN_UNDECLARED_SELECTOR = YES;
				GCC_WARN_UNINITIALIZED_AUTOS = YES_AGGRESSIVE;
				GCC_WARN_UNUSED_FUNCTION = YES;
				GCC_WARN_UNUSED_VARIABLE = YES;
				IPHONEOS_DEPLOYMENT_TARGET = 14.4;
				MTL_ENABLE_DEBUG_INFO = INCLUDE_SOURCE;
				MTL_FAST_MATH = YES;
				ONLY_ACTIVE_ARCH = YES;
				SDKROOT = iphoneos;
				SWIFT_ACTIVE_COMPILATION_CONDITIONS = DEBUG;
				SWIFT_OPTIMIZATION_LEVEL = "-Onone";
			};
			name = Debug;
		};
		646B2BE526184B66000C319D /* Release */ = {
			isa = XCBuildConfiguration;
			buildSettings = {
				ALWAYS_SEARCH_USER_PATHS = NO;
				CLANG_ANALYZER_NONNULL = YES;
				CLANG_ANALYZER_NUMBER_OBJECT_CONVERSION = YES_AGGRESSIVE;
				CLANG_CXX_LANGUAGE_STANDARD = "gnu++14";
				CLANG_CXX_LIBRARY = "libc++";
				CLANG_ENABLE_MODULES = YES;
				CLANG_ENABLE_OBJC_ARC = YES;
				CLANG_ENABLE_OBJC_WEAK = YES;
				CLANG_WARN_BLOCK_CAPTURE_AUTORELEASING = YES;
				CLANG_WARN_BOOL_CONVERSION = YES;
				CLANG_WARN_COMMA = YES;
				CLANG_WARN_CONSTANT_CONVERSION = YES;
				CLANG_WARN_DEPRECATED_OBJC_IMPLEMENTATIONS = YES;
				CLANG_WARN_DIRECT_OBJC_ISA_USAGE = YES_ERROR;
				CLANG_WARN_DOCUMENTATION_COMMENTS = YES;
				CLANG_WARN_EMPTY_BODY = YES;
				CLANG_WARN_ENUM_CONVERSION = YES;
				CLANG_WARN_INFINITE_RECURSION = YES;
				CLANG_WARN_INT_CONVERSION = YES;
				CLANG_WARN_NON_LITERAL_NULL_CONVERSION = YES;
				CLANG_WARN_OBJC_IMPLICIT_RETAIN_SELF = YES;
				CLANG_WARN_OBJC_LITERAL_CONVERSION = YES;
				CLANG_WARN_OBJC_ROOT_CLASS = YES_ERROR;
				CLANG_WARN_QUOTED_INCLUDE_IN_FRAMEWORK_HEADER = YES;
				CLANG_WARN_RANGE_LOOP_ANALYSIS = YES;
				CLANG_WARN_STRICT_PROTOTYPES = YES;
				CLANG_WARN_SUSPICIOUS_MOVE = YES;
				CLANG_WARN_UNGUARDED_AVAILABILITY = YES_AGGRESSIVE;
				CLANG_WARN_UNREACHABLE_CODE = YES;
				CLANG_WARN__DUPLICATE_METHOD_MATCH = YES;
				COPY_PHASE_STRIP = NO;
				DEBUG_INFORMATION_FORMAT = "dwarf-with-dsym";
				ENABLE_NS_ASSERTIONS = NO;
				ENABLE_STRICT_OBJC_MSGSEND = YES;
				GCC_C_LANGUAGE_STANDARD = gnu11;
				GCC_NO_COMMON_BLOCKS = YES;
				GCC_WARN_64_TO_32_BIT_CONVERSION = YES;
				GCC_WARN_ABOUT_RETURN_TYPE = YES_ERROR;
				GCC_WARN_UNDECLARED_SELECTOR = YES;
				GCC_WARN_UNINITIALIZED_AUTOS = YES_AGGRESSIVE;
				GCC_WARN_UNUSED_FUNCTION = YES;
				GCC_WARN_UNUSED_VARIABLE = YES;
				IPHONEOS_DEPLOYMENT_TARGET = 14.4;
				MTL_ENABLE_DEBUG_INFO = NO;
				MTL_FAST_MATH = YES;
				SDKROOT = iphoneos;
				SWIFT_COMPILATION_MODE = wholemodule;
				SWIFT_OPTIMIZATION_LEVEL = "-O";
				VALIDATE_PRODUCT = YES;
			};
			name = Release;
		};
		646B2BE726184B66000C319D /* Debug */ = {
			isa = XCBuildConfiguration;
			buildSettings = {
				ASSETCATALOG_COMPILER_APPICON_NAME = AppIcon;
				ASSETCATALOG_COMPILER_GLOBAL_ACCENT_COLOR_NAME = AccentColor;
				CODE_SIGN_STYLE = Automatic;
				DEVELOPMENT_ASSET_PATHS = "\"list/Preview Content\"";
				ENABLE_PREVIEWS = YES;
				INFOPLIST_FILE = list/Info.plist;
				LD_RUNPATH_SEARCH_PATHS = (
					"$(inherited)",
					"@executable_path/Frameworks",
				);
				PRODUCT_BUNDLE_IDENTIFIER = indonesiamenang.list;
				PRODUCT_NAME = "$(TARGET_NAME)";
				SWIFT_VERSION = 5.0;
				TARGETED_DEVICE_FAMILY = "1,2";
			};
			name = Debug;
		};
		646B2BE826184B66000C319D /* Release */ = {
			isa = XCBuildConfiguration;
			buildSettings = {
				ASSETCATALOG_COMPILER_APPICON_NAME = AppIcon;
				ASSETCATALOG_COMPILER_GLOBAL_ACCENT_COLOR_NAME = AccentColor;
				CODE_SIGN_STYLE = Automatic;
				DEVELOPMENT_ASSET_PATHS = "\"list/Preview Content\"";
				ENABLE_PREVIEWS = YES;
				INFOPLIST_FILE = list/Info.plist;
				LD_RUNPATH_SEARCH_PATHS = (
					"$(inherited)",
					"@executable_path/Frameworks",
				);
				PRODUCT_BUNDLE_IDENTIFIER = indonesiamenang.list;
				PRODUCT_NAME = "$(TARGET_NAME)";
				SWIFT_VERSION = 5.0;
				TARGETED_DEVICE_FAMILY = "1,2";
			};
			name = Release;
		};
/* End XCBuildConfiguration section */

/* Begin XCConfigurationList section */
		646B2BCD26184B65000C319D /* Build configuration list for PBXProject "list" */ = {
			isa = XCConfigurationList;
			buildConfigurations = (
				646B2BE426184B66000C319D /* Debug */,
				646B2BE526184B66000C319D /* Release */,
			);
			defaultConfigurationIsVisible = 0;
			defaultConfigurationName = Release;
		};
		646B2BE626184B66000C319D /* Build configuration list for PBXNativeTarget "list" */ = {
			isa = XCConfigurationList;
			buildConfigurations = (
				646B2BE726184B66000C319D /* Debug */,
				646B2BE826184B66000C319D /* Release */,
			);
			defaultConfigurationIsVisible = 0;
			defaultConfigurationName = Release;
		};
/* End XCConfigurationList section */
	};
	rootObject = 646B2BCA26184B65000C319D /* Project object */;
}
